
Microsoft Visual Studio Solution File, Format Version 12.00
# Visual Studio 15
VisualStudioVersion = 15.0.28307.1209
MinimumVisualStudioVersion = 10.0.40219.1
Project("{8BC9CEB8-8B4A-11D0-8D11-00A0C91BC942}") = "CH3_Lab1", "CH3_Lab1\CH3_Lab1.vcxproj", "{D08B7218-CC93-4726-810B-C8E4A6D6D1C3}"
EndProject
Global
	GlobalSection(SolutionConfigurationPlatforms) = preSolution
		Debug|x64 = Debug|x64
		Debug|x86 = Debug|x86
		Release|x64 = Release|x64
		Release|x86 = Release|x86
	EndGlobalSection
	GlobalSection(ProjectConfigurationPlatforms) = postSolution
		{D08B7218-CC93-4726-810B-C8E4A6D6D1C3}.Debug|x64.ActiveCfg = Debug|x64
		{D08B7218-CC93-4726-810B-C8E4A6D6D1C3}.Debug|x64.Build.0 = Debug|x64
		{D08B7218-CC93-4726-810B-C8E4A6D6D1C3}.Debug|x86.ActiveCfg = Debug|Win32
		{D08B7218-CC93-4726-810B-C8E4A6D6D1C3}.Debug|x86.Build.0 = Debug|Win32
		{D08B7218-CC93-4726-810B-C8E4A6D6D1C3}.Release|x64.ActiveCfg = Release|x64
		{D08B7218-CC93-4726-810B-C8E4A6D6D1C3}.Release|x64.Build.0 = Release|x64
		{D08B7218-CC93-4726-810B-C8E4A6D6D1C3}.Release|x86.ActiveCfg = Release|Win32
		{D08B7218-CC93-4726-810B-C8E4A6D6D1C3}.Release|x86.Build.0 = Release|Win32
	EndGlobalSection
	GlobalSection(SolutionProperties) = preSolution
		HideSolutionNode = FALSE
	EndGlobalSection
	GlobalSection(ExtensibilityGlobals) = postSolution
		SolutionGuid = {8C98AAF9-2176-4B4D-9A7D-8A31D8B89AD9}
	EndGlobalSection
EndGlobal
