
Microsoft Visual Studio Solution File, Format Version 12.00
# Visual Studio 15
VisualStudioVersion = 15.0.28307.1209
MinimumVisualStudioVersion = 10.0.40219.1
Project("{8BC9CEB8-8B4A-11D0-8D11-00A0C91BC942}") = "CH3_Lab2-2", "CH3_Lab2-2\CH3_Lab2-2.vcxproj", "{919B01BC-4DC0-40B6-8666-AF2FBA007B5A}"
EndProject
Global
	GlobalSection(SolutionConfigurationPlatforms) = preSolution
		Debug|x64 = Debug|x64
		Debug|x86 = Debug|x86
		Release|x64 = Release|x64
		Release|x86 = Release|x86
	EndGlobalSection
	GlobalSection(ProjectConfigurationPlatforms) = postSolution
		{919B01BC-4DC0-40B6-8666-AF2FBA007B5A}.Debug|x64.ActiveCfg = Debug|x64
		{919B01BC-4DC0-40B6-8666-AF2FBA007B5A}.Debug|x64.Build.0 = Debug|x64
		{919B01BC-4DC0-40B6-8666-AF2FBA007B5A}.Debug|x86.ActiveCfg = Debug|Win32
		{919B01BC-4DC0-40B6-8666-AF2FBA007B5A}.Debug|x86.Build.0 = Debug|Win32
		{919B01BC-4DC0-40B6-8666-AF2FBA007B5A}.Release|x64.ActiveCfg = Release|x64
		{919B01BC-4DC0-40B6-8666-AF2FBA007B5A}.Release|x64.Build.0 = Release|x64
		{919B01BC-4DC0-40B6-8666-AF2FBA007B5A}.Release|x86.ActiveCfg = Release|Win32
		{919B01BC-4DC0-40B6-8666-AF2FBA007B5A}.Release|x86.Build.0 = Release|Win32
	EndGlobalSection
	GlobalSection(SolutionProperties) = preSolution
		HideSolutionNode = FALSE
	EndGlobalSection
	GlobalSection(ExtensibilityGlobals) = postSolution
		SolutionGuid = {4CB89EAA-4717-45E0-9D3A-E1355C79E8B8}
	EndGlobalSection
EndGlobal
